
Microsoft Visual Studio Solution File, Format Version 12.00
# Visual Studio 2012
Project("{FAE04EC0-301F-11D3-BF4B-00C04F79EFBC}") = "psv", "psv\psv.csproj", "{494246D7-F33F-495E-974A-FA2206F8CDA3}"
EndProject
Global
	GlobalSection(SolutionConfigurationPlatforms) = preSolution
		Debug|Any CPU = Debug|Any CPU
		Release|Any CPU = Release|Any CPU
	EndGlobalSection
	GlobalSection(ProjectConfigurationPlatforms) = postSolution
		{494246D7-F33F-495E-974A-FA2206F8CDA3}.Debug|Any CPU.ActiveCfg = Debug|Any CPU
		{494246D7-F33F-495E-974A-FA2206F8CDA3}.Debug|Any CPU.Build.0 = Debug|Any CPU
		{494246D7-F33F-495E-974A-FA2206F8CDA3}.Release|Any CPU.ActiveCfg = Release|Any CPU
		{494246D7-F33F-495E-974A-FA2206F8CDA3}.Release|Any CPU.Build.0 = Release|Any CPU
	EndGlobalSection
EndGlobal
